
Microsoft Visual Studio Solution File, Format Version 12.00
# Visual Studio Version 17
VisualStudioVersion = 17.2.32616.157
MinimumVisualStudioVersion = 10.0.40219.1
Project("{9A19103F-16F7-4668-BE54-9A1E7A4F7556}") = "DataType", "ConsoleApp1\DataType.csproj", "{23944F6C-5135-4610-B888-868F7E5A70D1}"
EndProject
Project("{FAE04EC0-301F-11D3-BF4B-00C04F79EFBC}") = "Classes", "Classes\Classes.csproj", "{7EB209A2-585A-4198-B186-405AD4C2F78A}"
EndProject
Project("{FAE04EC0-301F-11D3-BF4B-00C04F79EFBC}") = "Arrays", "Arrays\Arrays.csproj", "{766D45F2-E30B-4049-9841-BE061B08E805}"
EndProject
Project("{FAE04EC0-301F-11D3-BF4B-00C04F79EFBC}") = "Enum", "Enum\Enum.csproj", "{951C0989-D78F-4880-8A29-BC9B4C07D139}"
EndProject
Project("{FAE04EC0-301F-11D3-BF4B-00C04F79EFBC}") = "Ref_Val", "Ref_Val\Ref_Val.csproj", "{58B7B984-AA5D-4C16-B515-CD60F3C07A6C}"
EndProject
Global
	GlobalSection(SolutionConfigurationPlatforms) = preSolution
		Debug|Any CPU = Debug|Any CPU
		Release|Any CPU = Release|Any CPU
	EndGlobalSection
	GlobalSection(ProjectConfigurationPlatforms) = postSolution
		{23944F6C-5135-4610-B888-868F7E5A70D1}.Debug|Any CPU.ActiveCfg = Debug|Any CPU
		{23944F6C-5135-4610-B888-868F7E5A70D1}.Debug|Any CPU.Build.0 = Debug|Any CPU
		{23944F6C-5135-4610-B888-868F7E5A70D1}.Release|Any CPU.ActiveCfg = Release|Any CPU
		{23944F6C-5135-4610-B888-868F7E5A70D1}.Release|Any CPU.Build.0 = Release|Any CPU
		{7EB209A2-585A-4198-B186-405AD4C2F78A}.Debug|Any CPU.ActiveCfg = Debug|Any CPU
		{7EB209A2-585A-4198-B186-405AD4C2F78A}.Debug|Any CPU.Build.0 = Debug|Any CPU
		{7EB209A2-585A-4198-B186-405AD4C2F78A}.Release|Any CPU.ActiveCfg = Release|Any CPU
		{7EB209A2-585A-4198-B186-405AD4C2F78A}.Release|Any CPU.Build.0 = Release|Any CPU
		{766D45F2-E30B-4049-9841-BE061B08E805}.Debug|Any CPU.ActiveCfg = Debug|Any CPU
		{766D45F2-E30B-4049-9841-BE061B08E805}.Debug|Any CPU.Build.0 = Debug|Any CPU
		{766D45F2-E30B-4049-9841-BE061B08E805}.Release|Any CPU.ActiveCfg = Release|Any CPU
		{766D45F2-E30B-4049-9841-BE061B08E805}.Release|Any CPU.Build.0 = Release|Any CPU
		{951C0989-D78F-4880-8A29-BC9B4C07D139}.Debug|Any CPU.ActiveCfg = Debug|Any CPU
		{951C0989-D78F-4880-8A29-BC9B4C07D139}.Debug|Any CPU.Build.0 = Debug|Any CPU
		{951C0989-D78F-4880-8A29-BC9B4C07D139}.Release|Any CPU.ActiveCfg = Release|Any CPU
		{951C0989-D78F-4880-8A29-BC9B4C07D139}.Release|Any CPU.Build.0 = Release|Any CPU
		{58B7B984-AA5D-4C16-B515-CD60F3C07A6C}.Debug|Any CPU.ActiveCfg = Debug|Any CPU
		{58B7B984-AA5D-4C16-B515-CD60F3C07A6C}.Debug|Any CPU.Build.0 = Debug|Any CPU
		{58B7B984-AA5D-4C16-B515-CD60F3C07A6C}.Release|Any CPU.ActiveCfg = Release|Any CPU
		{58B7B984-AA5D-4C16-B515-CD60F3C07A6C}.Release|Any CPU.Build.0 = Release|Any CPU
	EndGlobalSection
	GlobalSection(SolutionProperties) = preSolution
		HideSolutionNode = FALSE
	EndGlobalSection
	GlobalSection(ExtensibilityGlobals) = postSolution
		SolutionGuid = {04D258C6-3311-470D-87E2-AC964EBFE18E}
	EndGlobalSection
EndGlobal
